
Microsoft Visual Studio Solution File, Format Version 12.00
# Visual Studio 15
VisualStudioVersion = 15.0.27703.2035
MinimumVisualStudioVersion = 10.0.40219.1
Project("{FAE04EC0-301F-11D3-BF4B-00C04F79EFBC}") = "ThreadingLab", "ThreadingLab\ThreadingLab.csproj", "{B4CD47E1-9856-49BC-9527-C8B222B43CE7}"
EndProject
Global
	GlobalSection(SolutionConfigurationPlatforms) = preSolution
		Debug|Any CPU = Debug|Any CPU
		Release|Any CPU = Release|Any CPU
	EndGlobalSection
	GlobalSection(ProjectConfigurationPlatforms) = postSolution
		{B4CD47E1-9856-49BC-9527-C8B222B43CE7}.Debug|Any CPU.ActiveCfg = Debug|Any CPU
		{B4CD47E1-9856-49BC-9527-C8B222B43CE7}.Debug|Any CPU.Build.0 = Debug|Any CPU
		{B4CD47E1-9856-49BC-9527-C8B222B43CE7}.Release|Any CPU.ActiveCfg = Release|Any CPU
		{B4CD47E1-9856-49BC-9527-C8B222B43CE7}.Release|Any CPU.Build.0 = Release|Any CPU
	EndGlobalSection
	GlobalSection(SolutionProperties) = preSolution
		HideSolutionNode = FALSE
	EndGlobalSection
	GlobalSection(ExtensibilityGlobals) = postSolution
		SolutionGuid = {6431B430-39AB-4B16-BC14-9784F3FCA643}
	EndGlobalSection
EndGlobal
